
Microsoft Visual Studio Solution File, Format Version 12.00
# Visual Studio Version 17
VisualStudioVersion = 17.0.31423.177
MinimumVisualStudioVersion = 10.0.40219.1
Project("{9092AA53-FB77-4645-B42D-1CCCA6BD08BD}") = "szambo", "szambo.njsproj", "{0483878E-DD1D-401E-A220-52E4FF24DE6E}"
EndProject
Global
	GlobalSection(SolutionConfigurationPlatforms) = preSolution
		Debug|Any CPU = Debug|Any CPU
		Release|Any CPU = Release|Any CPU
	EndGlobalSection
	GlobalSection(ProjectConfigurationPlatforms) = postSolution
		{0483878E-DD1D-401E-A220-52E4FF24DE6E}.Debug|Any CPU.ActiveCfg = Debug|Any CPU
		{0483878E-DD1D-401E-A220-52E4FF24DE6E}.Debug|Any CPU.Build.0 = Debug|Any CPU
		{0483878E-DD1D-401E-A220-52E4FF24DE6E}.Release|Any CPU.ActiveCfg = Release|Any CPU
		{0483878E-DD1D-401E-A220-52E4FF24DE6E}.Release|Any CPU.Build.0 = Release|Any CPU
	EndGlobalSection
	GlobalSection(SolutionProperties) = preSolution
		HideSolutionNode = FALSE
	EndGlobalSection
	GlobalSection(ExtensibilityGlobals) = postSolution
		SolutionGuid = {0F68904E-F4B1-461C-AAF9-4F7ABE5CD965}
	EndGlobalSection
EndGlobal
